
Microsoft Visual Studio Solution File, Format Version 12.00
# Visual Studio 15
VisualStudioVersion = 15.0.27130.2024
MinimumVisualStudioVersion = 10.0.40219.1
Project("{FAE04EC0-301F-11D3-BF4B-00C04F79EFBC}") = "TrabProgramacao", "TrabProgramacao\TrabProgramacao.csproj", "{2726A15D-988A-4E31-BC9E-C3CBCAB512BB}"
EndProject
Global
	GlobalSection(SolutionConfigurationPlatforms) = preSolution
		Debug|Any CPU = Debug|Any CPU
		Release|Any CPU = Release|Any CPU
	EndGlobalSection
	GlobalSection(ProjectConfigurationPlatforms) = postSolution
		{2726A15D-988A-4E31-BC9E-C3CBCAB512BB}.Debug|Any CPU.ActiveCfg = Debug|Any CPU
		{2726A15D-988A-4E31-BC9E-C3CBCAB512BB}.Debug|Any CPU.Build.0 = Debug|Any CPU
		{2726A15D-988A-4E31-BC9E-C3CBCAB512BB}.Release|Any CPU.ActiveCfg = Release|Any CPU
		{2726A15D-988A-4E31-BC9E-C3CBCAB512BB}.Release|Any CPU.Build.0 = Release|Any CPU
	EndGlobalSection
	GlobalSection(SolutionProperties) = preSolution
		HideSolutionNode = FALSE
	EndGlobalSection
	GlobalSection(ExtensibilityGlobals) = postSolution
		SolutionGuid = {158116AE-422F-406B-A002-5EF7535DA4D1}
	EndGlobalSection
EndGlobal
